
Microsoft Visual Studio Solution File, Format Version 12.00
# Visual Studio Version 16
VisualStudioVersion = 16.0.31005.135
MinimumVisualStudioVersion = 10.0.40219.1
Project("{FAE04EC0-301F-11D3-BF4B-00C04F79EFBC}") = "Prova", "Prova\Prova.csproj", "{2AC1E209-7A82-4F91-BE11-F79089540545}"
EndProject
Global
	GlobalSection(SolutionConfigurationPlatforms) = preSolution
		Debug|Any CPU = Debug|Any CPU
		Release|Any CPU = Release|Any CPU
	EndGlobalSection
	GlobalSection(ProjectConfigurationPlatforms) = postSolution
		{2AC1E209-7A82-4F91-BE11-F79089540545}.Debug|Any CPU.ActiveCfg = Debug|Any CPU
		{2AC1E209-7A82-4F91-BE11-F79089540545}.Debug|Any CPU.Build.0 = Debug|Any CPU
		{2AC1E209-7A82-4F91-BE11-F79089540545}.Release|Any CPU.ActiveCfg = Release|Any CPU
		{2AC1E209-7A82-4F91-BE11-F79089540545}.Release|Any CPU.Build.0 = Release|Any CPU
	EndGlobalSection
	GlobalSection(SolutionProperties) = preSolution
		HideSolutionNode = FALSE
	EndGlobalSection
	GlobalSection(ExtensibilityGlobals) = postSolution
		SolutionGuid = {658F1C1D-D994-473C-BD51-CEEBB0FF084B}
	EndGlobalSection
EndGlobal
