
Microsoft Visual Studio Solution File, Format Version 12.00
# Visual Studio Version 16
VisualStudioVersion = 16.0.31005.135
MinimumVisualStudioVersion = 10.0.40219.1
Project("{FAE04EC0-301F-11D3-BF4B-00C04F79EFBC}") = "PAtividade7", "PAtividade7\PAtividade7.csproj", "{0FE72404-5824-49B9-B1F3-08AB1FC656EB}"
EndProject
Global
	GlobalSection(SolutionConfigurationPlatforms) = preSolution
		Debug|Any CPU = Debug|Any CPU
		Release|Any CPU = Release|Any CPU
	EndGlobalSection
	GlobalSection(ProjectConfigurationPlatforms) = postSolution
		{0FE72404-5824-49B9-B1F3-08AB1FC656EB}.Debug|Any CPU.ActiveCfg = Debug|Any CPU
		{0FE72404-5824-49B9-B1F3-08AB1FC656EB}.Debug|Any CPU.Build.0 = Debug|Any CPU
		{0FE72404-5824-49B9-B1F3-08AB1FC656EB}.Release|Any CPU.ActiveCfg = Release|Any CPU
		{0FE72404-5824-49B9-B1F3-08AB1FC656EB}.Release|Any CPU.Build.0 = Release|Any CPU
	EndGlobalSection
	GlobalSection(SolutionProperties) = preSolution
		HideSolutionNode = FALSE
	EndGlobalSection
	GlobalSection(ExtensibilityGlobals) = postSolution
		SolutionGuid = {5D2D05BE-495B-4AD1-B80C-69B69D17BC7E}
	EndGlobalSection
EndGlobal
