
Microsoft Visual Studio Solution File, Format Version 12.00
# Visual Studio Version 16
VisualStudioVersion = 16.0.31005.135
MinimumVisualStudioVersion = 10.0.40219.1
Project("{FAE04EC0-301F-11D3-BF4B-00C04F79EFBC}") = "CalcAtividade1", "CalcAtividade1\CalcAtividade1.csproj", "{1DD4FE85-63EB-4CEE-A3EB-12D71ACBBC0F}"
EndProject
Global
	GlobalSection(SolutionConfigurationPlatforms) = preSolution
		Debug|Any CPU = Debug|Any CPU
		Release|Any CPU = Release|Any CPU
	EndGlobalSection
	GlobalSection(ProjectConfigurationPlatforms) = postSolution
		{1DD4FE85-63EB-4CEE-A3EB-12D71ACBBC0F}.Debug|Any CPU.ActiveCfg = Debug|Any CPU
		{1DD4FE85-63EB-4CEE-A3EB-12D71ACBBC0F}.Debug|Any CPU.Build.0 = Debug|Any CPU
		{1DD4FE85-63EB-4CEE-A3EB-12D71ACBBC0F}.Release|Any CPU.ActiveCfg = Release|Any CPU
		{1DD4FE85-63EB-4CEE-A3EB-12D71ACBBC0F}.Release|Any CPU.Build.0 = Release|Any CPU
	EndGlobalSection
	GlobalSection(SolutionProperties) = preSolution
		HideSolutionNode = FALSE
	EndGlobalSection
	GlobalSection(ExtensibilityGlobals) = postSolution
		SolutionGuid = {81EFF9B9-AE87-45A4-BF4E-3FE4358811AF}
	EndGlobalSection
EndGlobal
